// !$*UTF8*$!
{
	archiveVersion = 1;
	classes = {
	};
	objectVersion = 56;
	objects = {

/* Begin PBXBuildFile section */
		7C566BE92A0C11B6009E3A22 /* WelcomeViewController.swift in Sources */ = {isa = PBXBuildFile; fileRef = 7C566BE82A0C11B6009E3A22 /* WelcomeViewController.swift */; };
		7C7C66142A100CCE00FE153B /* TabBarController.swift in Sources */ = {isa = PBXBuildFile; fileRef = 7C7C66132A100CCE00FE153B /* TabBarController.swift */; };
		7C7C66192A1011DD00FE153B /* Extension + UIView.swift in Sources */ = {isa = PBXBuildFile; fileRef = 7C7C66182A1011DD00FE153B /* Extension + UIView.swift */; };
		7C7DE7A02A0F68E2002097A2 /* BioViewController.swift in Sources */ = {isa = PBXBuildFile; fileRef = 7C7DE79F2A0F68E2002097A2 /* BioViewController.swift */; };
		7CDB985B2A0C0B1500DA0B31 /* AppDelegate.swift in Sources */ = {isa = PBXBuildFile; fileRef = 7CDB985A2A0C0B1500DA0B31 /* AppDelegate.swift */; };
		7CDB985D2A0C0B1500DA0B31 /* SceneDelegate.swift in Sources */ = {isa = PBXBuildFile; fileRef = 7CDB985C2A0C0B1500DA0B31 /* SceneDelegate.swift */; };
		7CDB985F2A0C0B1500DA0B31 /* LoginViewController.swift in Sources */ = {isa = PBXBuildFile; fileRef = 7CDB985E2A0C0B1500DA0B31 /* LoginViewController.swift */; };
		7CDB98622A0C0B1500DA0B31 /* Main.storyboard in Resources */ = {isa = PBXBuildFile; fileRef = 7CDB98602A0C0B1500DA0B31 /* Main.storyboard */; };
		7CDB98642A0C0B1600DA0B31 /* Assets.xcassets in Resources */ = {isa = PBXBuildFile; fileRef = 7CDB98632A0C0B1600DA0B31 /* Assets.xcassets */; };
		7CDB98672A0C0B1600DA0B31 /* LaunchScreen.storyboard in Resources */ = {isa = PBXBuildFile; fileRef = 7CDB98652A0C0B1600DA0B31 /* LaunchScreen.storyboard */; };
		7CFBD71B2A0F4FBE00343C4C /* UserViewController.swift in Sources */ = {isa = PBXBuildFile; fileRef = 7CFBD71A2A0F4FBE00343C4C /* UserViewController.swift */; };
		7CFBD71E2A0F588300343C4C /* User.swift in Sources */ = {isa = PBXBuildFile; fileRef = 7CFBD71D2A0F588300343C4C /* User.swift */; };
/* End PBXBuildFile section */

/* Begin PBXFileReference section */
		7C566BE82A0C11B6009E3A22 /* WelcomeViewController.swift */ = {isa = PBXFileReference; lastKnownFileType = sourcecode.swift; path = WelcomeViewController.swift; sourceTree = "<group>"; };
		7C7C66132A100CCE00FE153B /* TabBarController.swift */ = {isa = PBXFileReference; lastKnownFileType = sourcecode.swift; path = TabBarController.swift; sourceTree = "<group>"; };
		7C7C66182A1011DD00FE153B /* Extension + UIView.swift */ = {isa = PBXFileReference; fileEncoding = 4; lastKnownFileType = sourcecode.swift; path = "Extension + UIView.swift"; sourceTree = "<group>"; };
		7C7DE79F2A0F68E2002097A2 /* BioViewController.swift */ = {isa = PBXFileReference; lastKnownFileType = sourcecode.swift; path = BioViewController.swift; sourceTree = "<group>"; };
		7CDB98572A0C0B1500DA0B31 /* LoginApp.app */ = {isa = PBXFileReference; explicitFileType = wrapper.application; includeInIndex = 0; path = LoginApp.app; sourceTree = BUILT_PRODUCTS_DIR; };
		7CDB985A2A0C0B1500DA0B31 /* AppDelegate.swift */ = {isa = PBXFileReference; lastKnownFileType = sourcecode.swift; path = AppDelegate.swift; sourceTree = "<group>"; };
		7CDB985C2A0C0B1500DA0B31 /* SceneDelegate.swift */ = {isa = PBXFileReference; lastKnownFileType = sourcecode.swift; path = SceneDelegate.swift; sourceTree = "<group>"; };
		7CDB985E2A0C0B1500DA0B31 /* LoginViewController.swift */ = {isa = PBXFileReference; lastKnownFileType = sourcecode.swift; path = LoginViewController.swift; sourceTree = "<group>"; };
		7CDB98612A0C0B1500DA0B31 /* Base */ = {isa = PBXFileReference; lastKnownFileType = file.storyboard; name = Base; path = Base.lproj/Main.storyboard; sourceTree = "<group>"; };
		7CDB98632A0C0B1600DA0B31 /* Assets.xcassets */ = {isa = PBXFileReference; lastKnownFileType = folder.assetcatalog; path = Assets.xcassets; sourceTree = "<group>"; };
		7CDB98662A0C0B1600DA0B31 /* Base */ = {isa = PBXFileReference; lastKnownFileType = file.storyboard; name = Base; path = Base.lproj/LaunchScreen.storyboard; sourceTree = "<group>"; };
		7CDB98682A0C0B1600DA0B31 /* Info.plist */ = {isa = PBXFileReference; lastKnownFileType = text.plist.xml; path = Info.plist; sourceTree = "<group>"; };
		7CFBD71A2A0F4FBE00343C4C /* UserViewController.swift */ = {isa = PBXFileReference; lastKnownFileType = sourcecode.swift; path = UserViewController.swift; sourceTree = "<group>"; };
		7CFBD71D2A0F588300343C4C /* User.swift */ = {isa = PBXFileReference; lastKnownFileType = sourcecode.swift; path = User.swift; sourceTree = "<group>"; };
/* End PBXFileReference section */

/* Begin PBXFrameworksBuildPhase section */
		7CDB98542A0C0B1500DA0B31 /* Frameworks */ = {
			isa = PBXFrameworksBuildPhase;
			buildActionMask = 2147483647;
			files = (
			);
			runOnlyForDeploymentPostprocessing = 0;
		};
/* End PBXFrameworksBuildPhase section */

/* Begin PBXGroup section */
		7C7C66152A1011AC00FE153B /* Extensions */ = {
			isa = PBXGroup;
			children = (
				7C7C66182A1011DD00FE153B /* Extension + UIView.swift */,
			);
			path = Extensions;
			sourceTree = "<group>";
		};
		7CDB984E2A0C0B1500DA0B31 = {
			isa = PBXGroup;
			children = (
				7CDB98592A0C0B1500DA0B31 /* LoginApp */,
				7CDB98582A0C0B1500DA0B31 /* Products */,
			);
			sourceTree = "<group>";
		};
		7CDB98582A0C0B1500DA0B31 /* Products */ = {
			isa = PBXGroup;
			children = (
				7CDB98572A0C0B1500DA0B31 /* LoginApp.app */,
			);
			name = Products;
			sourceTree = "<group>";
		};
		7CDB98592A0C0B1500DA0B31 /* LoginApp */ = {
			isa = PBXGroup;
			children = (
				7C7C66152A1011AC00FE153B /* Extensions */,
				7CFBD71C2A0F585A00343C4C /* Models */,
				7CFBD7142A0EBFD500343C4C /* App */,
				7CFBD7152A0EBFE800343C4C /* Controllers */,
				7CFBD7162A0EC02900343C4C /* Storyboards */,
				7CFBD7172A0EC03E00343C4C /* Resources */,
			);
			path = LoginApp;
			sourceTree = "<group>";
		};
		7CFBD7142A0EBFD500343C4C /* App */ = {
			isa = PBXGroup;
			children = (
				7CDB985A2A0C0B1500DA0B31 /* AppDelegate.swift */,
				7CDB985C2A0C0B1500DA0B31 /* SceneDelegate.swift */,
				7CDB98682A0C0B1600DA0B31 /* Info.plist */,
			);
			path = App;
			sourceTree = "<group>";
		};
		7CFBD7152A0EBFE800343C4C /* Controllers */ = {
			isa = PBXGroup;
			children = (
				7CDB985E2A0C0B1500DA0B31 /* LoginViewController.swift */,
				7C566BE82A0C11B6009E3A22 /* WelcomeViewController.swift */,
				7CFBD71A2A0F4FBE00343C4C /* UserViewController.swift */,
				7C7DE79F2A0F68E2002097A2 /* BioViewController.swift */,
				7C7C66132A100CCE00FE153B /* TabBarController.swift */,
			);
			path = Controllers;
			sourceTree = "<group>";
		};
		7CFBD7162A0EC02900343C4C /* Storyboards */ = {
			isa = PBXGroup;
			children = (
				7CDB98602A0C0B1500DA0B31 /* Main.storyboard */,
				7CDB98652A0C0B1600DA0B31 /* LaunchScreen.storyboard */,
			);
			path = Storyboards;
			sourceTree = "<group>";
		};
		7CFBD7172A0EC03E00343C4C /* Resources */ = {
			isa = PBXGroup;
			children = (
				7CDB98632A0C0B1600DA0B31 /* Assets.xcassets */,
			);
			path = Resources;
			sourceTree = "<group>";
		};
		7CFBD71C2A0F585A00343C4C /* Models */ = {
			isa = PBXGroup;
			children = (
				7CFBD71D2A0F588300343C4C /* User.swift */,
			);
			path = Models;
			sourceTree = "<group>";
		};
/* End PBXGroup section */

/* Begin PBXNativeTarget section */
		7CDB98562A0C0B1500DA0B31 /* LoginApp */ = {
			isa = PBXNativeTarget;
			buildConfigurationList = 7CDB986B2A0C0B1600DA0B31 /* Build configuration list for PBXNativeTarget "LoginApp" */;
			buildPhases = (
				7CDB98532A0C0B1500DA0B31 /* Sources */,
				7CDB98542A0C0B1500DA0B31 /* Frameworks */,
				7CDB98552A0C0B1500DA0B31 /* Resources */,
			);
			buildRules = (
			);
			dependencies = (
			);
			name = LoginApp;
			productName = LoginApp;
			productReference = 7CDB98572A0C0B1500DA0B31 /* LoginApp.app */;
			productType = "com.apple.product-type.application";
		};
/* End PBXNativeTarget section */

/* Begin PBXProject section */
		7CDB984F2A0C0B1500DA0B31 /* Project object */ = {
			isa = PBXProject;
			attributes = {
				BuildIndependentTargetsInParallel = 1;
				LastSwiftUpdateCheck = 1430;
				LastUpgradeCheck = 1430;
				TargetAttributes = {
					7CDB98562A0C0B1500DA0B31 = {
						CreatedOnToolsVersion = 14.3;
					};
				};
			};
			buildConfigurationList = 7CDB98522A0C0B1500DA0B31 /* Build configuration list for PBXProject "LoginApp" */;
			compatibilityVersion = "Xcode 14.0";
			developmentRegion = en;
			hasScannedForEncodings = 0;
			knownRegions = (
				en,
				Base,
			);
			mainGroup = 7CDB984E2A0C0B1500DA0B31;
			productRefGroup = 7CDB98582A0C0B1500DA0B31 /* Products */;
			projectDirPath = "";
			projectRoot = "";
			targets = (
				7CDB98562A0C0B1500DA0B31 /* LoginApp */,
			);
		};
/* End PBXProject section */

/* Begin PBXResourcesBuildPhase section */
		7CDB98552A0C0B1500DA0B31 /* Resources */ = {
			isa = PBXResourcesBuildPhase;
			buildActionMask = 2147483647;
			files = (
				7CDB98672A0C0B1600DA0B31 /* LaunchScreen.storyboard in Resources */,
				7CDB98642A0C0B1600DA0B31 /* Assets.xcassets in Resources */,
				7CDB98622A0C0B1500DA0B31 /* Main.storyboard in Resources */,
			);
			runOnlyForDeploymentPostprocessing = 0;
		};
/* End PBXResourcesBuildPhase section */

/* Begin PBXSourcesBuildPhase section */
		7CDB98532A0C0B1500DA0B31 /* Sources */ = {
			isa = PBXSourcesBuildPhase;
			buildActionMask = 2147483647;
			files = (
				7C7DE7A02A0F68E2002097A2 /* BioViewController.swift in Sources */,
				7C7C66142A100CCE00FE153B /* TabBarController.swift in Sources */,
				7CDB985F2A0C0B1500DA0B31 /* LoginViewController.swift in Sources */,
				7CFBD71E2A0F588300343C4C /* User.swift in Sources */,
				7C566BE92A0C11B6009E3A22 /* WelcomeViewController.swift in Sources */,
				7C7C66192A1011DD00FE153B /* Extension + UIView.swift in Sources */,
				7CDB985B2A0C0B1500DA0B31 /* AppDelegate.swift in Sources */,
				7CDB985D2A0C0B1500DA0B31 /* SceneDelegate.swift in Sources */,
				7CFBD71B2A0F4FBE00343C4C /* UserViewController.swift in Sources */,
			);
			runOnlyForDeploymentPostprocessing = 0;
		};
/* End PBXSourcesBuildPhase section */

/* Begin PBXVariantGroup section */
		7CDB98602A0C0B1500DA0B31 /* Main.storyboard */ = {
			isa = PBXVariantGroup;
			children = (
				7CDB98612A0C0B1500DA0B31 /* Base */,
			);
			name = Main.storyboard;
			sourceTree = "<group>";
		};
		7CDB98652A0C0B1600DA0B31 /* LaunchScreen.storyboard */ = {
			isa = PBXVariantGroup;
			children = (
				7CDB98662A0C0B1600DA0B31 /* Base */,
			);
			name = LaunchScreen.storyboard;
			sourceTree = "<group>";
		};
/* End PBXVariantGroup section */

/* Begin XCBuildConfiguration section */
		7CDB98692A0C0B1600DA0B31 /* Debug */ = {
			isa = XCBuildConfiguration;
			buildSettings = {
				ALWAYS_SEARCH_USER_PATHS = NO;
				CLANG_ANALYZER_NONNULL = YES;
				CLANG_ANALYZER_NUMBER_OBJECT_CONVERSION = YES_AGGRESSIVE;
				CLANG_CXX_LANGUAGE_STANDARD = "gnu++20";
				CLANG_ENABLE_MODULES = YES;
				CLANG_ENABLE_OBJC_ARC = YES;
				CLANG_ENABLE_OBJC_WEAK = YES;
				CLANG_WARN_BLOCK_CAPTURE_AUTORELEASING = YES;
				CLANG_WARN_BOOL_CONVERSION = YES;
				CLANG_WARN_COMMA = YES;
				CLANG_WARN_CONSTANT_CONVERSION = YES;
				CLANG_WARN_DEPRECATED_OBJC_IMPLEMENTATIONS = YES;
				CLANG_WARN_DIRECT_OBJC_ISA_USAGE = YES_ERROR;
				CLANG_WARN_DOCUMENTATION_COMMENTS = YES;
				CLANG_WARN_EMPTY_BODY = YES;
				CLANG_WARN_ENUM_CONVERSION = YES;
				CLANG_WARN_INFINITE_RECURSION = YES;
				CLANG_WARN_INT_CONVERSION = YES;
				CLANG_WARN_NON_LITERAL_NULL_CONVERSION = YES;
				CLANG_WARN_OBJC_IMPLICIT_RETAIN_SELF = YES;
				CLANG_WARN_OBJC_LITERAL_CONVERSION = YES;
				CLANG_WARN_OBJC_ROOT_CLASS = YES_ERROR;
				CLANG_WARN_QUOTED_INCLUDE_IN_FRAMEWORK_HEADER = YES;
				CLANG_WARN_RANGE_LOOP_ANALYSIS = YES;
				CLANG_WARN_STRICT_PROTOTYPES = YES;
				CLANG_WARN_SUSPICIOUS_MOVE = YES;
				CLANG_WARN_UNGUARDED_AVAILABILITY = YES_AGGRESSIVE;
				CLANG_WARN_UNREACHABLE_CODE = YES;
				CLANG_WARN__DUPLICATE_METHOD_MATCH = YES;
				COPY_PHASE_STRIP = NO;
				DEBUG_INFORMATION_FORMAT = dwarf;
				ENABLE_STRICT_OBJC_MSGSEND = YES;
				ENABLE_TESTABILITY = YES;
				GCC_C_LANGUAGE_STANDARD = gnu11;
				GCC_DYNAMIC_NO_PIC = NO;
				GCC_NO_COMMON_BLOCKS = YES;
				GCC_OPTIMIZATION_LEVEL = 0;
				GCC_PREPROCESSOR_DEFINITIONS = (
					"DEBUG=1",
					"$(inherited)",
				);
				GCC_WARN_64_TO_32_BIT_CONVERSION = YES;
				GCC_WARN_ABOUT_RETURN_TYPE = YES_ERROR;
				GCC_WARN_UNDECLARED_SELECTOR = YES;
				GCC_WARN_UNINITIALIZED_AUTOS = YES_AGGRESSIVE;
				GCC_WARN_UNUSED_FUNCTION = YES;
				GCC_WARN_UNUSED_VARIABLE = YES;
				IPHONEOS_DEPLOYMENT_TARGET = 16.4;
				MTL_ENABLE_DEBUG_INFO = INCLUDE_SOURCE;
				MTL_FAST_MATH = YES;
				ONLY_ACTIVE_ARCH = YES;
				SDKROOT = iphoneos;
				SWIFT_ACTIVE_COMPILATION_CONDITIONS = DEBUG;
				SWIFT_OPTIMIZATION_LEVEL = "-Onone";
			};
			name = Debug;
		};
		7CDB986A2A0C0B1600DA0B31 /* Release */ = {
			isa = XCBuildConfiguration;
			buildSettings = {
				ALWAYS_SEARCH_USER_PATHS = NO;
				CLANG_ANALYZER_NONNULL = YES;
				CLANG_ANALYZER_NUMBER_OBJECT_CONVERSION = YES_AGGRESSIVE;
				CLANG_CXX_LANGUAGE_STANDARD = "gnu++20";
				CLANG_ENABLE_MODULES = YES;
				CLANG_ENABLE_OBJC_ARC = YES;
				CLANG_ENABLE_OBJC_WEAK = YES;
				CLANG_WARN_BLOCK_CAPTURE_AUTORELEASING = YES;
				CLANG_WARN_BOOL_CONVERSION = YES;
				CLANG_WARN_COMMA = YES;
				CLANG_WARN_CONSTANT_CONVERSION = YES;
				CLANG_WARN_DEPRECATED_OBJC_IMPLEMENTATIONS = YES;
				CLANG_WARN_DIRECT_OBJC_ISA_USAGE = YES_ERROR;
				CLANG_WARN_DOCUMENTATION_COMMENTS = YES;
				CLANG_WARN_EMPTY_BODY = YES;
				CLANG_WARN_ENUM_CONVERSION = YES;
				CLANG_WARN_INFINITE_RECURSION = YES;
				CLANG_WARN_INT_CONVERSION = YES;
				CLANG_WARN_NON_LITERAL_NULL_CONVERSION = YES;
				CLANG_WARN_OBJC_IMPLICIT_RETAIN_SELF = YES;
				CLANG_WARN_OBJC_LITERAL_CONVERSION = YES;
				CLANG_WARN_OBJC_ROOT_CLASS = YES_ERROR;
				CLANG_WARN_QUOTED_INCLUDE_IN_FRAMEWORK_HEADER = YES;
				CLANG_WARN_RANGE_LOOP_ANALYSIS = YES;
				CLANG_WARN_STRICT_PROTOTYPES = YES;
				CLANG_WARN_SUSPICIOUS_MOVE = YES;
				CLANG_WARN_UNGUARDED_AVAILABILITY = YES_AGGRESSIVE;
				CLANG_WARN_UNREACHABLE_CODE = YES;
				CLANG_WARN__DUPLICATE_METHOD_MATCH = YES;
				COPY_PHASE_STRIP = NO;
				DEBUG_INFORMATION_FORMAT = "dwarf-with-dsym";
				ENABLE_NS_ASSERTIONS = NO;
				ENABLE_STRICT_OBJC_MSGSEND = YES;
				GCC_C_LANGUAGE_STANDARD = gnu11;
				GCC_NO_COMMON_BLOCKS = YES;
				GCC_WARN_64_TO_32_BIT_CONVERSION = YES;
				GCC_WARN_ABOUT_RETURN_TYPE = YES_ERROR;
				GCC_WARN_UNDECLARED_SELECTOR = YES;
				GCC_WARN_UNINITIALIZED_AUTOS = YES_AGGRESSIVE;
				GCC_WARN_UNUSED_FUNCTION = YES;
				GCC_WARN_UNUSED_VARIABLE = YES;
				IPHONEOS_DEPLOYMENT_TARGET = 16.4;
				MTL_ENABLE_DEBUG_INFO = NO;
				MTL_FAST_MATH = YES;
				SDKROOT = iphoneos;
				SWIFT_COMPILATION_MODE = wholemodule;
				SWIFT_OPTIMIZATION_LEVEL = "-O";
				VALIDATE_PRODUCT = YES;
			};
			name = Release;
		};
		7CDB986C2A0C0B1600DA0B31 /* Debug */ = {
			isa = XCBuildConfiguration;
			buildSettings = {
				ASSETCATALOG_COMPILER_APPICON_NAME = AppIcon;
				ASSETCATALOG_COMPILER_GLOBAL_ACCENT_COLOR_NAME = AccentColor;
				CODE_SIGN_STYLE = Automatic;
				CURRENT_PROJECT_VERSION = 1;
				DEVELOPMENT_TEAM = 3D4689896S;
				GENERATE_INFOPLIST_FILE = YES;
				INFOPLIST_FILE = LoginApp/App/Info.plist;
				INFOPLIST_KEY_UIApplicationSupportsIndirectInputEvents = YES;
				INFOPLIST_KEY_UILaunchStoryboardName = LaunchScreen;
				INFOPLIST_KEY_UIMainStoryboardFile = Main;
				INFOPLIST_KEY_UISupportedInterfaceOrientations = UIInterfaceOrientationPortrait;
				INFOPLIST_KEY_UISupportedInterfaceOrientations_iPad = "UIInterfaceOrientationLandscapeLeft UIInterfaceOrientationLandscapeRight UIInterfaceOrientationPortrait UIInterfaceOrientationPortraitUpsideDown";
				LD_RUNPATH_SEARCH_PATHS = (
					"$(inherited)",
					"@executable_path/Frameworks",
				);
				MARKETING_VERSION = 1.0;
				PRODUCT_BUNDLE_IDENTIFIER = LLltirlec.LoginApp;
				PRODUCT_NAME = "$(TARGET_NAME)";
				SUPPORTED_PLATFORMS = "iphoneos iphonesimulator";
				SUPPORTS_MACCATALYST = NO;
				SUPPORTS_MAC_DESIGNED_FOR_IPHONE_IPAD = NO;
				SWIFT_EMIT_LOC_STRINGS = YES;
				SWIFT_VERSION = 5.0;
				TARGETED_DEVICE_FAMILY = 1;
			};
			name = Debug;
		};
		7CDB986D2A0C0B1600DA0B31 /* Release */ = {
			isa = XCBuildConfiguration;
			buildSettings = {
				ASSETCATALOG_COMPILER_APPICON_NAME = AppIcon;
				ASSETCATALOG_COMPILER_GLOBAL_ACCENT_COLOR_NAME = AccentColor;
				CODE_SIGN_STYLE = Automatic;
				CURRENT_PROJECT_VERSION = 1;
				DEVELOPMENT_TEAM = 3D4689896S;
				GENERATE_INFOPLIST_FILE = YES;
				INFOPLIST_FILE = LoginApp/App/Info.plist;
				INFOPLIST_KEY_UIApplicationSupportsIndirectInputEvents = YES;
				INFOPLIST_KEY_UILaunchStoryboardName = LaunchScreen;
				INFOPLIST_KEY_UIMainStoryboardFile = Main;
				INFOPLIST_KEY_UISupportedInterfaceOrientations = UIInterfaceOrientationPortrait;
				INFOPLIST_KEY_UISupportedInterfaceOrientations_iPad = "UIInterfaceOrientationLandscapeLeft UIInterfaceOrientationLandscapeRight UIInterfaceOrientationPortrait UIInterfaceOrientationPortraitUpsideDown";
				LD_RUNPATH_SEARCH_PATHS = (
					"$(inherited)",
					"@executable_path/Frameworks",
				);
				MARKETING_VERSION = 1.0;
				PRODUCT_BUNDLE_IDENTIFIER = LLltirlec.LoginApp;
				PRODUCT_NAME = "$(TARGET_NAME)";
				SUPPORTED_PLATFORMS = "iphoneos iphonesimulator";
				SUPPORTS_MACCATALYST = NO;
				SUPPORTS_MAC_DESIGNED_FOR_IPHONE_IPAD = NO;
				SWIFT_EMIT_LOC_STRINGS = YES;
				SWIFT_VERSION = 5.0;
				TARGETED_DEVICE_FAMILY = 1;
			};
			name = Release;
		};
/* End XCBuildConfiguration section */

/* Begin XCConfigurationList section */
		7CDB98522A0C0B1500DA0B31 /* Build configuration list for PBXProject "LoginApp" */ = {
			isa = XCConfigurationList;
			buildConfigurations = (
				7CDB98692A0C0B1600DA0B31 /* Debug */,
				7CDB986A2A0C0B1600DA0B31 /* Release */,
			);
			defaultConfigurationIsVisible = 0;
			defaultConfigurationName = Release;
		};
		7CDB986B2A0C0B1600DA0B31 /* Build configuration list for PBXNativeTarget "LoginApp" */ = {
			isa = XCConfigurationList;
			buildConfigurations = (
				7CDB986C2A0C0B1600DA0B31 /* Debug */,
				7CDB986D2A0C0B1600DA0B31 /* Release */,
			);
			defaultConfigurationIsVisible = 0;
			defaultConfigurationName = Release;
		};
/* End XCConfigurationList section */
	};
	rootObject = 7CDB984F2A0C0B1500DA0B31 /* Project object */;
}
